# This file is autogenerated, do not edit; changes may be undone by the next 'dep ensure'.


[[projects]]
  name = "github.com/dgrijalva/jwt-go"
  packages = ["."]
  revision = "06ea1031745cb8b3dab3f6a236daf2b0aa468b7e"
  version = "v3.2.0"

[[projects]]
  name = "github.com/goware/cors"
  packages = ["."]
  revision = "dba6525398619dead495962a916728e7ee2ca322"
  version = "v1.0.0"

[[projects]]
  branch = "master"
  name = "github.com/harkce/beasiswakita"
  packages = [
    "authentication",
    "errors"
  ]
  revision = "40cb90baded0a260c394e3d460e26843b3df8a17"

[[projects]]
  name = "github.com/julienschmidt/httprouter"
  packages = ["."]
  revision = "8c199fb6259ffc1af525cc3ad52ee60ba8359669"
  version = "v1.1"

[[projects]]
  name = "github.com/subosito/gotenv"
  packages = ["."]
  revision = "009e1f9581dc712aba5682a279dee155ca3eeded"
  version = "v1.1.0"

[[projects]]
  branch = "master"
  name = "golang.org/x/crypto"
  packages = [
    "bcrypt",
    "blowfish"
  ]
  revision = "4ec37c66abab2c7e02ae775328b2ff001c3f025a"

[solve-meta]
  analyzer-name = "dep"
  analyzer-version = 1
  inputs-digest = "aa39412f0c46db2802e5b5c21479c045ec53669aa2ca45caa1a849e4445c3174"
  solver-name = "gps-cdcl"
  solver-version = 1
